Microsoft Visual Studio Solution File, Format Version 12.00
# Visual Studio Version 17
VisualStudioVersion = 17.5.2.0
MinimumVisualStudioVersion = 10.0.40219.1
Project("{FAE04EC0-301F-11D3-BF4B-00C04F79EFBC}") = "ex1", "ex1\ex1.csproj", "{3647C764-129C-B720-E582-30EB33306FD8}"
EndProject
Global
	GlobalSection(SolutionConfigurationPlatforms) = preSolution
		Debug|Any CPU = Debug|Any CPU
		Release|Any CPU = Release|Any CPU
	EndGlobalSection
	GlobalSection(ProjectConfigurationPlatforms) = postSolution
		{3647C764-129C-B720-E582-30EB33306FD8}.Debug|Any CPU.ActiveCfg = Debug|Any CPU
		{3647C764-129C-B720-E582-30EB33306FD8}.Debug|Any CPU.Build.0 = Debug|Any CPU
		{3647C764-129C-B720-E582-30EB33306FD8}.Release|Any CPU.ActiveCfg = Release|Any CPU
		{3647C764-129C-B720-E582-30EB33306FD8}.Release|Any CPU.Build.0 = Release|Any CPU
	EndGlobalSection
	GlobalSection(SolutionProperties) = preSolution
		HideSolutionNode = FALSE
	EndGlobalSection
	GlobalSection(ExtensibilityGlobals) = postSolution
		SolutionGuid = {52B392E8-D3B5-4F7B-B8EF-2C84DE3AA8D8}
	EndGlobalSection
EndGlobal
